// !$*UTF8*$!
{
	archiveVersion = 1;
	classes = {
	};
	objectVersion = 50;
	objects = {

/* Begin PBXBuildFile section */
		D41D1AE22563E6520031F2ED /* AppDelegate.m in Sources */ = {isa = PBXBuildFile; fileRef = D41D1AE12563E6520031F2ED /* AppDelegate.m */; };
		D41D1AE52563E6520031F2ED /* SceneDelegate.m in Sources */ = {isa = PBXBuildFile; fileRef = D41D1AE42563E6520031F2ED /* SceneDelegate.m */; };
		D41D1AE82563E6520031F2ED /* ViewController.m in Sources */ = {isa = PBXBuildFile; fileRef = D41D1AE72563E6520031F2ED /* ViewController.m */; };
		D41D1AEB2563E6520031F2ED /* Main.storyboard in Resources */ = {isa = PBXBuildFile; fileRef = D41D1AE92563E6520031F2ED /* Main.storyboard */; };
		D41D1AED2563E6530031F2ED /* Assets.xcassets in Resources */ = {isa = PBXBuildFile; fileRef = D41D1AEC2563E6530031F2ED /* Assets.xcassets */; };
		D41D1AF02563E6530031F2ED /* LaunchScreen.storyboard in Resources */ = {isa = PBXBuildFile; fileRef = D41D1AEE2563E6530031F2ED /* LaunchScreen.storyboard */; };
		D41D1AF32563E6530031F2ED /* main.m in Sources */ = {isa = PBXBuildFile; fileRef = D41D1AF22563E6530031F2ED /* main.m */; };
		D41D1AFD2563E6530031F2ED /* RewriteFBRetainCycleDetectorTests.m in Sources */ = {isa = PBXBuildFile; fileRef = D41D1AFC2563E6530031F2ED /* RewriteFBRetainCycleDetectorTests.m */; };
		D41D1B082563E6530031F2ED /* RewriteFBRetainCycleDetectorUITests.m in Sources */ = {isa = PBXBuildFile; fileRef = D41D1B072563E6530031F2ED /* RewriteFBRetainCycleDetectorUITests.m */; };
		D41D1B572563EAAC0031F2ED /* fishhook.c in Sources */ = {isa = PBXBuildFile; fileRef = D41D1B552563EAAC0031F2ED /* fishhook.c */; };
		D41D1B602563EBF50031F2ED /* FBAssociationManager.mm in Sources */ = {isa = PBXBuildFile; fileRef = D41D1B5F2563EBF50031F2ED /* FBAssociationManager.mm */; };
		D41D1B6A2563F0730031F2ED /* FBRetainCycleDetector.mm in Sources */ = {isa = PBXBuildFile; fileRef = D41D1B692563F0730031F2ED /* FBRetainCycleDetector.mm */; };
/* End PBXBuildFile section */

/* Begin PBXContainerItemProxy section */
		D41D1AF92563E6530031F2ED /* PBXContainerItemProxy */ = {
			isa = PBXContainerItemProxy;
			containerPortal = D41D1AD52563E6520031F2ED /* Project object */;
			proxyType = 1;
			remoteGlobalIDString = D41D1ADC2563E6520031F2ED;
			remoteInfo = RewriteFBRetainCycleDetector;
		};
		D41D1B042563E6530031F2ED /* PBXContainerItemProxy */ = {
			isa = PBXContainerItemProxy;
			containerPortal = D41D1AD52563E6520031F2ED /* Project object */;
			proxyType = 1;
			remoteGlobalIDString = D41D1ADC2563E6520031F2ED;
			remoteInfo = RewriteFBRetainCycleDetector;
		};
/* End PBXContainerItemProxy section */

/* Begin PBXFileReference section */
		D41D1ADD2563E6520031F2ED /* RewriteFBRetainCycleDetector.app */ = {isa = PBXFileReference; explicitFileType = wrapper.application; includeInIndex = 0; path = RewriteFBRetainCycleDetector.app; sourceTree = BUILT_PRODUCTS_DIR; };
		D41D1AE02563E6520031F2ED /* AppDelegate.h */ = {isa = PBXFileReference; lastKnownFileType = sourcecode.c.h; path = AppDelegate.h; sourceTree = "<group>"; };
		D41D1AE12563E6520031F2ED /* AppDelegate.m */ = {isa = PBXFileReference; lastKnownFileType = sourcecode.c.objc; path = AppDelegate.m; sourceTree = "<group>"; };
		D41D1AE32563E6520031F2ED /* SceneDelegate.h */ = {isa = PBXFileReference; lastKnownFileType = sourcecode.c.h; path = SceneDelegate.h; sourceTree = "<group>"; };
		D41D1AE42563E6520031F2ED /* SceneDelegate.m */ = {isa = PBXFileReference; lastKnownFileType = sourcecode.c.objc; path = SceneDelegate.m; sourceTree = "<group>"; };
		D41D1AE62563E6520031F2ED /* ViewController.h */ = {isa = PBXFileReference; lastKnownFileType = sourcecode.c.h; path = ViewController.h; sourceTree = "<group>"; };
		D41D1AE72563E6520031F2ED /* ViewController.m */ = {isa = PBXFileReference; lastKnownFileType = sourcecode.c.objc; path = ViewController.m; sourceTree = "<group>"; };
		D41D1AEA2563E6520031F2ED /* Base */ = {isa = PBXFileReference; lastKnownFileType = file.storyboard; name = Base; path = Base.lproj/Main.storyboard; sourceTree = "<group>"; };
		D41D1AEC2563E6530031F2ED /* Assets.xcassets */ = {isa = PBXFileReference; lastKnownFileType = folder.assetcatalog; path = Assets.xcassets; sourceTree = "<group>"; };
		D41D1AEF2563E6530031F2ED /* Base */ = {isa = PBXFileReference; lastKnownFileType = file.storyboard; name = Base; path = Base.lproj/LaunchScreen.storyboard; sourceTree = "<group>"; };
		D41D1AF12563E6530031F2ED /* Info.plist */ = {isa = PBXFileReference; lastKnownFileType = text.plist.xml; path = Info.plist; sourceTree = "<group>"; };
		D41D1AF22563E6530031F2ED /* main.m */ = {isa = PBXFileReference; lastKnownFileType = sourcecode.c.objc; path = main.m; sourceTree = "<group>"; };
		D41D1AF82563E6530031F2ED /* RewriteFBRetainCycleDetectorTests.xctest */ = {isa = PBXFileReference; explicitFileType = wrapper.cfbundle; includeInIndex = 0; path = RewriteFBRetainCycleDetectorTests.xctest; sourceTree = BUILT_PRODUCTS_DIR; };
		D41D1AFC2563E6530031F2ED /* RewriteFBRetainCycleDetectorTests.m */ = {isa = PBXFileReference; lastKnownFileType = sourcecode.c.objc; path = RewriteFBRetainCycleDetectorTests.m; sourceTree = "<group>"; };
		D41D1AFE2563E6530031F2ED /* Info.plist */ = {isa = PBXFileReference; lastKnownFileType = text.plist.xml; path = Info.plist; sourceTree = "<group>"; };
		D41D1B032563E6530031F2ED /* RewriteFBRetainCycleDetectorUITests.xctest */ = {isa = PBXFileReference; explicitFileType = wrapper.cfbundle; includeInIndex = 0; path = RewriteFBRetainCycleDetectorUITests.xctest; sourceTree = BUILT_PRODUCTS_DIR; };
		D41D1B072563E6530031F2ED /* RewriteFBRetainCycleDetectorUITests.m */ = {isa = PBXFileReference; lastKnownFileType = sourcecode.c.objc; path = RewriteFBRetainCycleDetectorUITests.m; sourceTree = "<group>"; };
		D41D1B092563E6530031F2ED /* Info.plist */ = {isa = PBXFileReference; lastKnownFileType = text.plist.xml; path = Info.plist; sourceTree = "<group>"; };
		D41D1B252563E6A60031F2ED /* BaseType.h */ = {isa = PBXFileReference; lastKnownFileType = sourcecode.c.h; path = BaseType.h; sourceTree = "<group>"; };
		D41D1B4C2563E8BD0031F2ED /* Type.h */ = {isa = PBXFileReference; lastKnownFileType = sourcecode.c.h; path = Type.h; sourceTree = "<group>"; };
		D41D1B552563EAAC0031F2ED /* fishhook.c */ = {isa = PBXFileReference; fileEncoding = 4; lastKnownFileType = sourcecode.c.c; path = fishhook.c; sourceTree = "<group>"; };
		D41D1B562563EAAC0031F2ED /* fishhook.h */ = {isa = PBXFileReference; fileEncoding = 4; lastKnownFileType = sourcecode.c.h; path = fishhook.h; sourceTree = "<group>"; };
		D41D1B5E2563EBF50031F2ED /* FBAssociationManager.h */ = {isa = PBXFileReference; lastKnownFileType = sourcecode.c.h; path = FBAssociationManager.h; sourceTree = "<group>"; };
		D41D1B5F2563EBF50031F2ED /* FBAssociationManager.mm */ = {isa = PBXFileReference; lastKnownFileType = sourcecode.cpp.objcpp; path = FBAssociationManager.mm; sourceTree = "<group>"; };
		D41D1B672563EFB30031F2ED /* FBAssociationManager+Internal.h */ = {isa = PBXFileReference; lastKnownFileType = sourcecode.c.h; path = "FBAssociationManager+Internal.h"; sourceTree = "<group>"; };
		D41D1B682563F0730031F2ED /* FBRetainCycleDetector.h */ = {isa = PBXFileReference; lastKnownFileType = sourcecode.c.h; path = FBRetainCycleDetector.h; sourceTree = "<group>"; };
		D41D1B692563F0730031F2ED /* FBRetainCycleDetector.mm */ = {isa = PBXFileReference; lastKnownFileType = sourcecode.cpp.objcpp; path = FBRetainCycleDetector.mm; sourceTree = "<group>"; };
/* End PBXFileReference section */

/* Begin PBXFrameworksBuildPhase section */
		D41D1ADA2563E6520031F2ED /* Frameworks */ = {
			isa = PBXFrameworksBuildPhase;
			buildActionMask = 2147483647;
			files = (
			);
			runOnlyForDeploymentPostprocessing = 0;
		};
		D41D1AF52563E6530031F2ED /* Frameworks */ = {
			isa = PBXFrameworksBuildPhase;
			buildActionMask = 2147483647;
			files = (
			);
			runOnlyForDeploymentPostprocessing = 0;
		};
		D41D1B002563E6530031F2ED /* Frameworks */ = {
			isa = PBXFrameworksBuildPhase;
			buildActionMask = 2147483647;
			files = (
			);
			runOnlyForDeploymentPostprocessing = 0;
		};
/* End PBXFrameworksBuildPhase section */

/* Begin PBXGroup section */
		D41D1AD42563E6520031F2ED = {
			isa = PBXGroup;
			children = (
				D41D1ADF2563E6520031F2ED /* RewriteFBRetainCycleDetector */,
				D41D1AFB2563E6530031F2ED /* RewriteFBRetainCycleDetectorTests */,
				D41D1B062563E6530031F2ED /* RewriteFBRetainCycleDetectorUITests */,
				D41D1ADE2563E6520031F2ED /* Products */,
			);
			sourceTree = "<group>";
		};
		D41D1ADE2563E6520031F2ED /* Products */ = {
			isa = PBXGroup;
			children = (
				D41D1ADD2563E6520031F2ED /* RewriteFBRetainCycleDetector.app */,
				D41D1AF82563E6530031F2ED /* RewriteFBRetainCycleDetectorTests.xctest */,
				D41D1B032563E6530031F2ED /* RewriteFBRetainCycleDetectorUITests.xctest */,
			);
			name = Products;
			sourceTree = "<group>";
		};
		D41D1ADF2563E6520031F2ED /* RewriteFBRetainCycleDetector */ = {
			isa = PBXGroup;
			children = (
				D41D1B182563E6660031F2ED /* FBRetainCycleDetector */,
				D41D1AE02563E6520031F2ED /* AppDelegate.h */,
				D41D1AE12563E6520031F2ED /* AppDelegate.m */,
				D41D1AE32563E6520031F2ED /* SceneDelegate.h */,
				D41D1AE42563E6520031F2ED /* SceneDelegate.m */,
				D41D1AE62563E6520031F2ED /* ViewController.h */,
				D41D1AE72563E6520031F2ED /* ViewController.m */,
				D41D1AE92563E6520031F2ED /* Main.storyboard */,
				D41D1B552563EAAC0031F2ED /* fishhook.c */,
				D41D1B562563EAAC0031F2ED /* fishhook.h */,
				D41D1AEC2563E6530031F2ED /* Assets.xcassets */,
				D41D1AEE2563E6530031F2ED /* LaunchScreen.storyboard */,
				D41D1AF12563E6530031F2ED /* Info.plist */,
				D41D1AF22563E6530031F2ED /* main.m */,
			);
			path = RewriteFBRetainCycleDetector;
			sourceTree = "<group>";
		};
		D41D1AFB2563E6530031F2ED /* RewriteFBRetainCycleDetectorTests */ = {
			isa = PBXGroup;
			children = (
				D41D1AFC2563E6530031F2ED /* RewriteFBRetainCycleDetectorTests.m */,
				D41D1AFE2563E6530031F2ED /* Info.plist */,
			);
			path = RewriteFBRetainCycleDetectorTests;
			sourceTree = "<group>";
		};
		D41D1B062563E6530031F2ED /* RewriteFBRetainCycleDetectorUITests */ = {
			isa = PBXGroup;
			children = (
				D41D1B072563E6530031F2ED /* RewriteFBRetainCycleDetectorUITests.m */,
				D41D1B092563E6530031F2ED /* Info.plist */,
			);
			path = RewriteFBRetainCycleDetectorUITests;
			sourceTree = "<group>";
		};
		D41D1B182563E6660031F2ED /* FBRetainCycleDetector */ = {
			isa = PBXGroup;
			children = (
				D41D1B252563E6A60031F2ED /* BaseType.h */,
				D41D1B4C2563E8BD0031F2ED /* Type.h */,
				D41D1B5E2563EBF50031F2ED /* FBAssociationManager.h */,
				D41D1B5F2563EBF50031F2ED /* FBAssociationManager.mm */,
				D41D1B672563EFB30031F2ED /* FBAssociationManager+Internal.h */,
				D41D1B682563F0730031F2ED /* FBRetainCycleDetector.h */,
				D41D1B692563F0730031F2ED /* FBRetainCycleDetector.mm */,
			);
			path = FBRetainCycleDetector;
			sourceTree = "<group>";
		};
/* End PBXGroup section */

/* Begin PBXNativeTarget section */
		D41D1ADC2563E6520031F2ED /* RewriteFBRetainCycleDetector */ = {
			isa = PBXNativeTarget;
			buildConfigurationList = D41D1B0C2563E6530031F2ED /* Build configuration list for PBXNativeTarget "RewriteFBRetainCycleDetector" */;
			buildPhases = (
				D41D1AD92563E6520031F2ED /* Sources */,
				D41D1ADA2563E6520031F2ED /* Frameworks */,
				D41D1ADB2563E6520031F2ED /* Resources */,
			);
			buildRules = (
			);
			dependencies = (
			);
			name = RewriteFBRetainCycleDetector;
			productName = RewriteFBRetainCycleDetector;
			productReference = D41D1ADD2563E6520031F2ED /* RewriteFBRetainCycleDetector.app */;
			productType = "com.apple.product-type.application";
		};
		D41D1AF72563E6530031F2ED /* RewriteFBRetainCycleDetectorTests */ = {
			isa = PBXNativeTarget;
			buildConfigurationList = D41D1B0F2563E6530031F2ED /* Build configuration list for PBXNativeTarget "RewriteFBRetainCycleDetectorTests" */;
			buildPhases = (
				D41D1AF42563E6530031F2ED /* Sources */,
				D41D1AF52563E6530031F2ED /* Frameworks */,
				D41D1AF62563E6530031F2ED /* Resources */,
			);
			buildRules = (
			);
			dependencies = (
				D41D1AFA2563E6530031F2ED /* PBXTargetDependency */,
			);
			name = RewriteFBRetainCycleDetectorTests;
			productName = RewriteFBRetainCycleDetectorTests;
			productReference = D41D1AF82563E6530031F2ED /* RewriteFBRetainCycleDetectorTests.xctest */;
			productType = "com.apple.product-type.bundle.unit-test";
		};
		D41D1B022563E6530031F2ED /* RewriteFBRetainCycleDetectorUITests */ = {
			isa = PBXNativeTarget;
			buildConfigurationList = D41D1B122563E6530031F2ED /* Build configuration list for PBXNativeTarget "RewriteFBRetainCycleDetectorUITests" */;
			buildPhases = (
				D41D1AFF2563E6530031F2ED /* Sources */,
				D41D1B002563E6530031F2ED /* Frameworks */,
				D41D1B012563E6530031F2ED /* Resources */,
			);
			buildRules = (
			);
			dependencies = (
				D41D1B052563E6530031F2ED /* PBXTargetDependency */,
			);
			name = RewriteFBRetainCycleDetectorUITests;
			productName = RewriteFBRetainCycleDetectorUITests;
			productReference = D41D1B032563E6530031F2ED /* RewriteFBRetainCycleDetectorUITests.xctest */;
			productType = "com.apple.product-type.bundle.ui-testing";
		};
/* End PBXNativeTarget section */

/* Begin PBXProject section */
		D41D1AD52563E6520031F2ED /* Project object */ = {
			isa = PBXProject;
			attributes = {
				LastUpgradeCheck = 1220;
				TargetAttributes = {
					D41D1ADC2563E6520031F2ED = {
						CreatedOnToolsVersion = 12.2;
					};
					D41D1AF72563E6530031F2ED = {
						CreatedOnToolsVersion = 12.2;
						TestTargetID = D41D1ADC2563E6520031F2ED;
					};
					D41D1B022563E6530031F2ED = {
						CreatedOnToolsVersion = 12.2;
						TestTargetID = D41D1ADC2563E6520031F2ED;
					};
				};
			};
			buildConfigurationList = D41D1AD82563E6520031F2ED /* Build configuration list for PBXProject "RewriteFBRetainCycleDetector" */;
			compatibilityVersion = "Xcode 9.3";
			developmentRegion = en;
			hasScannedForEncodings = 0;
			knownRegions = (
				en,
				Base,
			);
			mainGroup = D41D1AD42563E6520031F2ED;
			productRefGroup = D41D1ADE2563E6520031F2ED /* Products */;
			projectDirPath = "";
			projectRoot = "";
			targets = (
				D41D1ADC2563E6520031F2ED /* RewriteFBRetainCycleDetector */,
				D41D1AF72563E6530031F2ED /* RewriteFBRetainCycleDetectorTests */,
				D41D1B022563E6530031F2ED /* RewriteFBRetainCycleDetectorUITests */,
			);
		};
/* End PBXProject section */

/* Begin PBXResourcesBuildPhase section */
		D41D1ADB2563E6520031F2ED /* Resources */ = {
			isa = PBXResourcesBuildPhase;
			buildActionMask = 2147483647;
			files = (
				D41D1AF02563E6530031F2ED /* LaunchScreen.storyboard in Resources */,
				D41D1AED2563E6530031F2ED /* Assets.xcassets in Resources */,
				D41D1AEB2563E6520031F2ED /* Main.storyboard in Resources */,
			);
			runOnlyForDeploymentPostprocessing = 0;
		};
		D41D1AF62563E6530031F2ED /* Resources */ = {
			isa = PBXResourcesBuildPhase;
			buildActionMask = 2147483647;
			files = (
			);
			runOnlyForDeploymentPostprocessing = 0;
		};
		D41D1B012563E6530031F2ED /* Resources */ = {
			isa = PBXResourcesBuildPhase;
			buildActionMask = 2147483647;
			files = (
			);
			runOnlyForDeploymentPostprocessing = 0;
		};
/* End PBXResourcesBuildPhase section */

/* Begin PBXSourcesBuildPhase section */
		D41D1AD92563E6520031F2ED /* Sources */ = {
			isa = PBXSourcesBuildPhase;
			buildActionMask = 2147483647;
			files = (
				D41D1AE82563E6520031F2ED /* ViewController.m in Sources */,
				D41D1B572563EAAC0031F2ED /* fishhook.c in Sources */,
				D41D1AE22563E6520031F2ED /* AppDelegate.m in Sources */,
				D41D1AF32563E6530031F2ED /* main.m in Sources */,
				D41D1AE52563E6520031F2ED /* SceneDelegate.m in Sources */,
				D41D1B602563EBF50031F2ED /* FBAssociationManager.mm in Sources */,
				D41D1B6A2563F0730031F2ED /* FBRetainCycleDetector.mm in Sources */,
			);
			runOnlyForDeploymentPostprocessing = 0;
		};
		D41D1AF42563E6530031F2ED /* Sources */ = {
			isa = PBXSourcesBuildPhase;
			buildActionMask = 2147483647;
			files = (
				D41D1AFD2563E6530031F2ED /* RewriteFBRetainCycleDetectorTests.m in Sources */,
			);
			runOnlyForDeploymentPostprocessing = 0;
		};
		D41D1AFF2563E6530031F2ED /* Sources */ = {
			isa = PBXSourcesBuildPhase;
			buildActionMask = 2147483647;
			files = (
				D41D1B082563E6530031F2ED /* RewriteFBRetainCycleDetectorUITests.m in Sources */,
			);
			runOnlyForDeploymentPostprocessing = 0;
		};
/* End PBXSourcesBuildPhase section */

/* Begin PBXTargetDependency section */
		D41D1AFA2563E6530031F2ED /* PBXTargetDependency */ = {
			isa = PBXTargetDependency;
			target = D41D1ADC2563E6520031F2ED /* RewriteFBRetainCycleDetector */;
			targetProxy = D41D1AF92563E6530031F2ED /* PBXContainerItemProxy */;
		};
		D41D1B052563E6530031F2ED /* PBXTargetDependency */ = {
			isa = PBXTargetDependency;
			target = D41D1ADC2563E6520031F2ED /* RewriteFBRetainCycleDetector */;
			targetProxy = D41D1B042563E6530031F2ED /* PBXContainerItemProxy */;
		};
/* End PBXTargetDependency section */

/* Begin PBXVariantGroup section */
		D41D1AE92563E6520031F2ED /* Main.storyboard */ = {
			isa = PBXVariantGroup;
			children = (
				D41D1AEA2563E6520031F2ED /* Base */,
			);
			name = Main.storyboard;
			sourceTree = "<group>";
		};
		D41D1AEE2563E6530031F2ED /* LaunchScreen.storyboard */ = {
			isa = PBXVariantGroup;
			children = (
				D41D1AEF2563E6530031F2ED /* Base */,
			);
			name = LaunchScreen.storyboard;
			sourceTree = "<group>";
		};
/* End PBXVariantGroup section */

/* Begin XCBuildConfiguration section */
		D41D1B0A2563E6530031F2ED /* Debug */ = {
			isa = XCBuildConfiguration;
			buildSettings = {
				ALWAYS_SEARCH_USER_PATHS = NO;
				CLANG_ANALYZER_NONNULL = YES;
				CLANG_ANALYZER_NUMBER_OBJECT_CONVERSION = YES_AGGRESSIVE;
				CLANG_CXX_LANGUAGE_STANDARD = "gnu++14";
				CLANG_CXX_LIBRARY = "libc++";
				CLANG_ENABLE_MODULES = YES;
				CLANG_ENABLE_OBJC_ARC = YES;
				CLANG_ENABLE_OBJC_WEAK = YES;
				CLANG_WARN_BLOCK_CAPTURE_AUTORELEASING = YES;
				CLANG_WARN_BOOL_CONVERSION = YES;
				CLANG_WARN_COMMA = YES;
				CLANG_WARN_CONSTANT_CONVERSION = YES;
				CLANG_WARN_DEPRECATED_OBJC_IMPLEMENTATIONS = YES;
				CLANG_WARN_DIRECT_OBJC_ISA_USAGE = YES_ERROR;
				CLANG_WARN_DOCUMENTATION_COMMENTS = YES;
				CLANG_WARN_EMPTY_BODY = YES;
				CLANG_WARN_ENUM_CONVERSION = YES;
				CLANG_WARN_INFINITE_RECURSION = YES;
				CLANG_WARN_INT_CONVERSION = YES;
				CLANG_WARN_NON_LITERAL_NULL_CONVERSION = YES;
				CLANG_WARN_OBJC_IMPLICIT_RETAIN_SELF = YES;
				CLANG_WARN_OBJC_LITERAL_CONVERSION = YES;
				CLANG_WARN_OBJC_ROOT_CLASS = YES_ERROR;
				CLANG_WARN_QUOTED_INCLUDE_IN_FRAMEWORK_HEADER = YES;
				CLANG_WARN_RANGE_LOOP_ANALYSIS = YES;
				CLANG_WARN_STRICT_PROTOTYPES = YES;
				CLANG_WARN_SUSPICIOUS_MOVE = YES;
				CLANG_WARN_UNGUARDED_AVAILABILITY = YES_AGGRESSIVE;
				CLANG_WARN_UNREACHABLE_CODE = YES;
				CLANG_WARN__DUPLICATE_METHOD_MATCH = YES;
				COPY_PHASE_STRIP = NO;
				DEBUG_INFORMATION_FORMAT = dwarf;
				ENABLE_STRICT_OBJC_MSGSEND = YES;
				ENABLE_TESTABILITY = YES;
				GCC_C_LANGUAGE_STANDARD = gnu11;
				GCC_DYNAMIC_NO_PIC = NO;
				GCC_NO_COMMON_BLOCKS = YES;
				GCC_OPTIMIZATION_LEVEL = 0;
				GCC_PREPROCESSOR_DEFINITIONS = (
					"DEBUG=1",
					"$(inherited)",
				);
				GCC_WARN_64_TO_32_BIT_CONVERSION = YES;
				GCC_WARN_ABOUT_RETURN_TYPE = YES_ERROR;
				GCC_WARN_UNDECLARED_SELECTOR = YES;
				GCC_WARN_UNINITIALIZED_AUTOS = YES_AGGRESSIVE;
				GCC_WARN_UNUSED_FUNCTION = YES;
				GCC_WARN_UNUSED_VARIABLE = YES;
				IPHONEOS_DEPLOYMENT_TARGET = 14.2;
				MTL_ENABLE_DEBUG_INFO = INCLUDE_SOURCE;
				MTL_FAST_MATH = YES;
				ONLY_ACTIVE_ARCH = YES;
				SDKROOT = iphoneos;
			};
			name = Debug;
		};
		D41D1B0B2563E6530031F2ED /* Release */ = {
			isa = XCBuildConfiguration;
			buildSettings = {
				ALWAYS_SEARCH_USER_PATHS = NO;
				CLANG_ANALYZER_NONNULL = YES;
				CLANG_ANALYZER_NUMBER_OBJECT_CONVERSION = YES_AGGRESSIVE;
				CLANG_CXX_LANGUAGE_STANDARD = "gnu++14";
				CLANG_CXX_LIBRARY = "libc++";
				CLANG_ENABLE_MODULES = YES;
				CLANG_ENABLE_OBJC_ARC = YES;
				CLANG_ENABLE_OBJC_WEAK = YES;
				CLANG_WARN_BLOCK_CAPTURE_AUTORELEASING = YES;
				CLANG_WARN_BOOL_CONVERSION = YES;
				CLANG_WARN_COMMA = YES;
				CLANG_WARN_CONSTANT_CONVERSION = YES;
				CLANG_WARN_DEPRECATED_OBJC_IMPLEMENTATIONS = YES;
				CLANG_WARN_DIRECT_OBJC_ISA_USAGE = YES_ERROR;
				CLANG_WARN_DOCUMENTATION_COMMENTS = YES;
				CLANG_WARN_EMPTY_BODY = YES;
				CLANG_WARN_ENUM_CONVERSION = YES;
				CLANG_WARN_INFINITE_RECURSION = YES;
				CLANG_WARN_INT_CONVERSION = YES;
				CLANG_WARN_NON_LITERAL_NULL_CONVERSION = YES;
				CLANG_WARN_OBJC_IMPLICIT_RETAIN_SELF = YES;
				CLANG_WARN_OBJC_LITERAL_CONVERSION = YES;
				CLANG_WARN_OBJC_ROOT_CLASS = YES_ERROR;
				CLANG_WARN_QUOTED_INCLUDE_IN_FRAMEWORK_HEADER = YES;
				CLANG_WARN_RANGE_LOOP_ANALYSIS = YES;
				CLANG_WARN_STRICT_PROTOTYPES = YES;
				CLANG_WARN_SUSPICIOUS_MOVE = YES;
				CLANG_WARN_UNGUARDED_AVAILABILITY = YES_AGGRESSIVE;
				CLANG_WARN_UNREACHABLE_CODE = YES;
				CLANG_WARN__DUPLICATE_METHOD_MATCH = YES;
				COPY_PHASE_STRIP = NO;
				DEBUG_INFORMATION_FORMAT = "dwarf-with-dsym";
				ENABLE_NS_ASSERTIONS = NO;
				ENABLE_STRICT_OBJC_MSGSEND = YES;
				GCC_C_LANGUAGE_STANDARD = gnu11;
				GCC_NO_COMMON_BLOCKS = YES;
				GCC_WARN_64_TO_32_BIT_CONVERSION = YES;
				GCC_WARN_ABOUT_RETURN_TYPE = YES_ERROR;
				GCC_WARN_UNDECLARED_SELECTOR = YES;
				GCC_WARN_UNINITIALIZED_AUTOS = YES_AGGRESSIVE;
				GCC_WARN_UNUSED_FUNCTION = YES;
				GCC_WARN_UNUSED_VARIABLE = YES;
				IPHONEOS_DEPLOYMENT_TARGET = 14.2;
				MTL_ENABLE_DEBUG_INFO = NO;
				MTL_FAST_MATH = YES;
				SDKROOT = iphoneos;
				VALIDATE_PRODUCT = YES;
			};
			name = Release;
		};
		D41D1B0D2563E6530031F2ED /* Debug */ = {
			isa = XCBuildConfiguration;
			buildSettings = {
				ASSETCATALOG_COMPILER_APPICON_NAME = AppIcon;
				ASSETCATALOG_COMPILER_GLOBAL_ACCENT_COLOR_NAME = AccentColor;
				CODE_SIGN_STYLE = Automatic;
				INFOPLIST_FILE = RewriteFBRetainCycleDetector/Info.plist;
				LD_RUNPATH_SEARCH_PATHS = (
					"$(inherited)",
					"@executable_path/Frameworks",
				);
				PRODUCT_BUNDLE_IDENTIFIER = com.comic.ismh.RewriteFBRetainCycleDetector;
				PRODUCT_NAME = "$(TARGET_NAME)";
				TARGETED_DEVICE_FAMILY = 2;
			};
			name = Debug;
		};
		D41D1B0E2563E6530031F2ED /* Release */ = {
			isa = XCBuildConfiguration;
			buildSettings = {
				ASSETCATALOG_COMPILER_APPICON_NAME = AppIcon;
				ASSETCATALOG_COMPILER_GLOBAL_ACCENT_COLOR_NAME = AccentColor;
				CODE_SIGN_STYLE = Automatic;
				INFOPLIST_FILE = RewriteFBRetainCycleDetector/Info.plist;
				LD_RUNPATH_SEARCH_PATHS = (
					"$(inherited)",
					"@executable_path/Frameworks",
				);
				PRODUCT_BUNDLE_IDENTIFIER = com.comic.ismh.RewriteFBRetainCycleDetector;
				PRODUCT_NAME = "$(TARGET_NAME)";
				TARGETED_DEVICE_FAMILY = 2;
			};
			name = Release;
		};
		D41D1B102563E6530031F2ED /* Debug */ = {
			isa = XCBuildConfiguration;
			buildSettings = {
				BUNDLE_LOADER = "$(TEST_HOST)";
				CODE_SIGN_STYLE = Automatic;
				INFOPLIST_FILE = RewriteFBRetainCycleDetectorTests/Info.plist;
				IPHONEOS_DEPLOYMENT_TARGET = 14.2;
				LD_RUNPATH_SEARCH_PATHS = (
					"$(inherited)",
					"@executable_path/Frameworks",
					"@loader_path/Frameworks",
				);
				PRODUCT_BUNDLE_IDENTIFIER = com.comic.ismh.RewriteFBRetainCycleDetectorTests;
				PRODUCT_NAME = "$(TARGET_NAME)";
				TARGETED_DEVICE_FAMILY = "1,2";
				TEST_HOST = "$(BUILT_PRODUCTS_DIR)/RewriteFBRetainCycleDetector.app/RewriteFBRetainCycleDetector";
			};
			name = Debug;
		};
		D41D1B112563E6530031F2ED /* Release */ = {
			isa = XCBuildConfiguration;
			buildSettings = {
				BUNDLE_LOADER = "$(TEST_HOST)";
				CODE_SIGN_STYLE = Automatic;
				INFOPLIST_FILE = RewriteFBRetainCycleDetectorTests/Info.plist;
				IPHONEOS_DEPLOYMENT_TARGET = 14.2;
				LD_RUNPATH_SEARCH_PATHS = (
					"$(inherited)",
					"@executable_path/Frameworks",
					"@loader_path/Frameworks",
				);
				PRODUCT_BUNDLE_IDENTIFIER = com.comic.ismh.RewriteFBRetainCycleDetectorTests;
				PRODUCT_NAME = "$(TARGET_NAME)";
				TARGETED_DEVICE_FAMILY = "1,2";
				TEST_HOST = "$(BUILT_PRODUCTS_DIR)/RewriteFBRetainCycleDetector.app/RewriteFBRetainCycleDetector";
			};
			name = Release;
		};
		D41D1B132563E6530031F2ED /* Debug */ = {
			isa = XCBuildConfiguration;
			buildSettings = {
				CODE_SIGN_STYLE = Automatic;
				INFOPLIST_FILE = RewriteFBRetainCycleDetectorUITests/Info.plist;
				LD_RUNPATH_SEARCH_PATHS = (
					"$(inherited)",
					"@executable_path/Frameworks",
					"@loader_path/Frameworks",
				);
				PRODUCT_BUNDLE_IDENTIFIER = com.comic.ismh.RewriteFBRetainCycleDetectorUITests;
				PRODUCT_NAME = "$(TARGET_NAME)";
				TARGETED_DEVICE_FAMILY = "1,2";
				TEST_TARGET_NAME = RewriteFBRetainCycleDetector;
			};
			name = Debug;
		};
		D41D1B142563E6530031F2ED /* Release */ = {
			isa = XCBuildConfiguration;
			buildSettings = {
				CODE_SIGN_STYLE = Automatic;
				INFOPLIST_FILE = RewriteFBRetainCycleDetectorUITests/Info.plist;
				LD_RUNPATH_SEARCH_PATHS = (
					"$(inherited)",
					"@executable_path/Frameworks",
					"@loader_path/Frameworks",
				);
				PRODUCT_BUNDLE_IDENTIFIER = com.comic.ismh.RewriteFBRetainCycleDetectorUITests;
				PRODUCT_NAME = "$(TARGET_NAME)";
				TARGETED_DEVICE_FAMILY = "1,2";
				TEST_TARGET_NAME = RewriteFBRetainCycleDetector;
			};
			name = Release;
		};
/* End XCBuildConfiguration section */

/* Begin XCConfigurationList section */
		D41D1AD82563E6520031F2ED /* Build configuration list for PBXProject "RewriteFBRetainCycleDetector" */ = {
			isa = XCConfigurationList;
			buildConfigurations = (
				D41D1B0A2563E6530031F2ED /* Debug */,
				D41D1B0B2563E6530031F2ED /* Release */,
			);
			defaultConfigurationIsVisible = 0;
			defaultConfigurationName = Release;
		};
		D41D1B0C2563E6530031F2ED /* Build configuration list for PBXNativeTarget "RewriteFBRetainCycleDetector" */ = {
			isa = XCConfigurationList;
			buildConfigurations = (
				D41D1B0D2563E6530031F2ED /* Debug */,
				D41D1B0E2563E6530031F2ED /* Release */,
			);
			defaultConfigurationIsVisible = 0;
			defaultConfigurationName = Release;
		};
		D41D1B0F2563E6530031F2ED /* Build configuration list for PBXNativeTarget "RewriteFBRetainCycleDetectorTests" */ = {
			isa = XCConfigurationList;
			buildConfigurations = (
				D41D1B102563E6530031F2ED /* Debug */,
				D41D1B112563E6530031F2ED /* Release */,
			);
			defaultConfigurationIsVisible = 0;
			defaultConfigurationName = Release;
		};
		D41D1B122563E6530031F2ED /* Build configuration list for PBXNativeTarget "RewriteFBRetainCycleDetectorUITests" */ = {
			isa = XCConfigurationList;
			buildConfigurations = (
				D41D1B132563E6530031F2ED /* Debug */,
				D41D1B142563E6530031F2ED /* Release */,
			);
			defaultConfigurationIsVisible = 0;
			defaultConfigurationName = Release;
		};
/* End XCConfigurationList section */
	};
	rootObject = D41D1AD52563E6520031F2ED /* Project object */;
}
